
Microsoft Visual Studio Solution File, Format Version 12.00
# Visual Studio 2012
Project("{FAE04EC0-301F-11D3-BF4B-00C04F79EFBC}") = "MvcApplication1", "MvcApplication1\MvcApplication1.csproj", "{22E9774F-FA1E-4AC3-B81B-3C696833EA91}"
EndProject
Global
	GlobalSection(SolutionConfigurationPlatforms) = preSolution
		Debug|Any CPU = Debug|Any CPU
		Release|Any CPU = Release|Any CPU
	EndGlobalSection
	GlobalSection(ProjectConfigurationPlatforms) = postSolution
		{22E9774F-FA1E-4AC3-B81B-3C696833EA91}.Debug|Any CPU.ActiveCfg = Debug|Any CPU
		{22E9774F-FA1E-4AC3-B81B-3C696833EA91}.Debug|Any CPU.Build.0 = Debug|Any CPU
		{22E9774F-FA1E-4AC3-B81B-3C696833EA91}.Release|Any CPU.ActiveCfg = Release|Any CPU
		{22E9774F-FA1E-4AC3-B81B-3C696833EA91}.Release|Any CPU.Build.0 = Release|Any CPU
	EndGlobalSection
	GlobalSection(SolutionProperties) = preSolution
		HideSolutionNode = FALSE
	EndGlobalSection
EndGlobal
